
Microsoft Visual Studio Solution File, Format Version 12.00
# Visual Studio Version 17
VisualStudioVersion = 17.2.32602.215
MinimumVisualStudioVersion = 10.0.40219.1
Project("{FAE04EC0-301F-11D3-BF4B-00C04F79EFBC}") = "aspnetcoremvc-calculator", "aspnetcoremvc-calculator\aspnetcoremvc-calculator.csproj", "{59613602-BB5F-4E76-A9F2-6E5219A562F6}"
EndProject
Global
	GlobalSection(SolutionConfigurationPlatforms) = preSolution
		Debug|Any CPU = Debug|Any CPU
		Release|Any CPU = Release|Any CPU
	EndGlobalSection
	GlobalSection(ProjectConfigurationPlatforms) = postSolution
		{59613602-BB5F-4E76-A9F2-6E5219A562F6}.Debug|Any CPU.ActiveCfg = Debug|Any CPU
		{59613602-BB5F-4E76-A9F2-6E5219A562F6}.Debug|Any CPU.Build.0 = Debug|Any CPU
		{59613602-BB5F-4E76-A9F2-6E5219A562F6}.Release|Any CPU.ActiveCfg = Release|Any CPU
		{59613602-BB5F-4E76-A9F2-6E5219A562F6}.Release|Any CPU.Build.0 = Release|Any CPU
	EndGlobalSection
	GlobalSection(SolutionProperties) = preSolution
		HideSolutionNode = FALSE
	EndGlobalSection
	GlobalSection(ExtensibilityGlobals) = postSolution
		SolutionGuid = {15F5A72D-84BD-4634-A4E4-499C24FCD6FC}
	EndGlobalSection
EndGlobal
